// !$*UTF8*$!
{
	archiveVersion = 1;
	classes = {
	};
	objectVersion = 46;
	objects = {

/* Begin PBXBuildFile section */
		E5772BB71BAA6E9B006A482B /* robot_arm.mp3 in Resources */ = {isa = PBXBuildFile; fileRef = E5772BAF1BAA6E9B006A482B /* robot_arm.mp3 */; };
		E5772BB81BAA6E9B006A482B /* robot_belly.mp3 in Resources */ = {isa = PBXBuildFile; fileRef = E5772BB01BAA6E9B006A482B /* robot_belly.mp3 */; };
		E5772BB91BAA6E9B006A482B /* robot_chest.mp3 in Resources */ = {isa = PBXBuildFile; fileRef = E5772BB11BAA6E9B006A482B /* robot_chest.mp3 */; };
		E5772BBA1BAA6E9B006A482B /* robot_eye.mp3 in Resources */ = {isa = PBXBuildFile; fileRef = E5772BB21BAA6E9B006A482B /* robot_eye.mp3 */; };
		E5772BBB1BAA6E9B006A482B /* robot_foot.mp3 in Resources */ = {isa = PBXBuildFile; fileRef = E5772BB31BAA6E9B006A482B /* robot_foot.mp3 */; };
		E5772BBC1BAA6E9B006A482B /* robot_hand.mp3 in Resources */ = {isa = PBXBuildFile; fileRef = E5772BB41BAA6E9B006A482B /* robot_hand.mp3 */; };
		E5772BBD1BAA6E9B006A482B /* robot_head.mp3 in Resources */ = {isa = PBXBuildFile; fileRef = E5772BB51BAA6E9B006A482B /* robot_head.mp3 */; };
		E5772BBE1BAA6E9B006A482B /* robot_leg.mp3 in Resources */ = {isa = PBXBuildFile; fileRef = E5772BB61BAA6E9B006A482B /* robot_leg.mp3 */; };
		E5EB15EF1BA83721006DCE4D /* UIDeviceExt.swift in Sources */ = {isa = PBXBuildFile; fileRef = E5EB15EE1BA83721006DCE4D /* UIDeviceExt.swift */; };
		E5ECE5C81BB0DE22005B5C18 /* RootViewController.swift in Sources */ = {isa = PBXBuildFile; fileRef = E5ECE5C71BB0DE22005B5C18 /* RootViewController.swift */; };
		E5EEA61E1BAC1FA0003B7BE5 /* AddSceneViewController.swift in Sources */ = {isa = PBXBuildFile; fileRef = E5EEA61C1BAC1FA0003B7BE5 /* AddSceneViewController.swift */; };
		E5EEA61F1BAC1FA0003B7BE5 /* AddSceneViewController.xib in Resources */ = {isa = PBXBuildFile; fileRef = E5EEA61D1BAC1FA0003B7BE5 /* AddSceneViewController.xib */; };
		E5F0D6B81BA6DF3500FC2EC5 /* AppDelegate.swift in Sources */ = {isa = PBXBuildFile; fileRef = E5F0D6B71BA6DF3500FC2EC5 /* AppDelegate.swift */; };
		E5F0D6BF1BA6DF3500FC2EC5 /* Images.xcassets in Resources */ = {isa = PBXBuildFile; fileRef = E5F0D6BE1BA6DF3500FC2EC5 /* Images.xcassets */; };
		E5F0D6C21BA6DF3500FC2EC5 /* LaunchScreen.xib in Resources */ = {isa = PBXBuildFile; fileRef = E5F0D6C01BA6DF3500FC2EC5 /* LaunchScreen.xib */; };
		E5F0D6CE1BA6DF3500FC2EC5 /* helpsayTests.swift in Sources */ = {isa = PBXBuildFile; fileRef = E5F0D6CD1BA6DF3500FC2EC5 /* helpsayTests.swift */; };
		E5F0D6E11BA6DFEB00FC2EC5 /* MainViewController.swift in Sources */ = {isa = PBXBuildFile; fileRef = E5F0D6E01BA6DFEB00FC2EC5 /* MainViewController.swift */; };
		E5F0D6E81BA6E05100FC2EC5 /* RobotViewController.swift in Sources */ = {isa = PBXBuildFile; fileRef = E5F0D6E61BA6E05100FC2EC5 /* RobotViewController.swift */; };
		E5F0D6E91BA6E05100FC2EC5 /* RobotViewController.xib in Resources */ = {isa = PBXBuildFile; fileRef = E5F0D6E71BA6E05100FC2EC5 /* RobotViewController.xib */; };
		E5F0D6EC1BA6E2E300FC2EC5 /* SceneViewController.swift in Sources */ = {isa = PBXBuildFile; fileRef = E5F0D6EA1BA6E2E300FC2EC5 /* SceneViewController.swift */; };
		E5F0D6ED1BA6E2E300FC2EC5 /* SceneViewController.xib in Resources */ = {isa = PBXBuildFile; fileRef = E5F0D6EB1BA6E2E300FC2EC5 /* SceneViewController.xib */; };
		E5F0D6F01BA6E2FF00FC2EC5 /* HisViewController.swift in Sources */ = {isa = PBXBuildFile; fileRef = E5F0D6EE1BA6E2FF00FC2EC5 /* HisViewController.swift */; };
		E5F0D6F11BA6E2FF00FC2EC5 /* HisViewController.xib in Resources */ = {isa = PBXBuildFile; fileRef = E5F0D6EF1BA6E2FF00FC2EC5 /* HisViewController.xib */; };
		E5F0D6F41BA6E31500FC2EC5 /* SettingViewController.swift in Sources */ = {isa = PBXBuildFile; fileRef = E5F0D6F21BA6E31500FC2EC5 /* SettingViewController.swift */; };
		E5F0D6F51BA6E31500FC2EC5 /* SettingViewController.xib in Resources */ = {isa = PBXBuildFile; fileRef = E5F0D6F31BA6E31500FC2EC5 /* SettingViewController.xib */; };
/* End PBXBuildFile section */

/* Begin PBXContainerItemProxy section */
		E5F0D6C81BA6DF3500FC2EC5 /* PBXContainerItemProxy */ = {
			isa = PBXContainerItemProxy;
			containerPortal = E5F0D6AA1BA6DF3500FC2EC5 /* Project object */;
			proxyType = 1;
			remoteGlobalIDString = E5F0D6B11BA6DF3500FC2EC5;
			remoteInfo = helpsay;
		};
/* End PBXContainerItemProxy section */

/* Begin PBXFileReference section */
		E5772BAF1BAA6E9B006A482B /* robot_arm.mp3 */ = {isa = PBXFileReference; lastKnownFileType = audio.mp3; path = robot_arm.mp3; sourceTree = "<group>"; };
		E5772BB01BAA6E9B006A482B /* robot_belly.mp3 */ = {isa = PBXFileReference; lastKnownFileType = audio.mp3; path = robot_belly.mp3; sourceTree = "<group>"; };
		E5772BB11BAA6E9B006A482B /* robot_chest.mp3 */ = {isa = PBXFileReference; lastKnownFileType = audio.mp3; path = robot_chest.mp3; sourceTree = "<group>"; };
		E5772BB21BAA6E9B006A482B /* robot_eye.mp3 */ = {isa = PBXFileReference; lastKnownFileType = audio.mp3; path = robot_eye.mp3; sourceTree = "<group>"; };
		E5772BB31BAA6E9B006A482B /* robot_foot.mp3 */ = {isa = PBXFileReference; lastKnownFileType = audio.mp3; path = robot_foot.mp3; sourceTree = "<group>"; };
		E5772BB41BAA6E9B006A482B /* robot_hand.mp3 */ = {isa = PBXFileReference; lastKnownFileType = audio.mp3; path = robot_hand.mp3; sourceTree = "<group>"; };
		E5772BB51BAA6E9B006A482B /* robot_head.mp3 */ = {isa = PBXFileReference; lastKnownFileType = audio.mp3; path = robot_head.mp3; sourceTree = "<group>"; };
		E5772BB61BAA6E9B006A482B /* robot_leg.mp3 */ = {isa = PBXFileReference; lastKnownFileType = audio.mp3; path = robot_leg.mp3; sourceTree = "<group>"; };
		E5EB15EE1BA83721006DCE4D /* UIDeviceExt.swift */ = {isa = PBXFileReference; fileEncoding = 4; lastKnownFileType = sourcecode.swift; path = UIDeviceExt.swift; sourceTree = "<group>"; };
		E5ECE5C71BB0DE22005B5C18 /* RootViewController.swift */ = {isa = PBXFileReference; fileEncoding = 4; lastKnownFileType = sourcecode.swift; path = RootViewController.swift; sourceTree = "<group>"; };
		E5EEA61C1BAC1FA0003B7BE5 /* AddSceneViewController.swift */ = {isa = PBXFileReference; fileEncoding = 4; lastKnownFileType = sourcecode.swift; path = AddSceneViewController.swift; sourceTree = "<group>"; };
		E5EEA61D1BAC1FA0003B7BE5 /* AddSceneViewController.xib */ = {isa = PBXFileReference; fileEncoding = 4; lastKnownFileType = file.xib; path = AddSceneViewController.xib; sourceTree = "<group>"; };
		E5F0D6B21BA6DF3500FC2EC5 /* helpsay.app */ = {isa = PBXFileReference; explicitFileType = wrapper.application; includeInIndex = 0; path = helpsay.app; sourceTree = BUILT_PRODUCTS_DIR; };
		E5F0D6B61BA6DF3500FC2EC5 /* Info.plist */ = {isa = PBXFileReference; lastKnownFileType = text.plist.xml; path = Info.plist; sourceTree = "<group>"; };
		E5F0D6B71BA6DF3500FC2EC5 /* AppDelegate.swift */ = {isa = PBXFileReference; lastKnownFileType = sourcecode.swift; path = AppDelegate.swift; sourceTree = "<group>"; };
		E5F0D6BE1BA6DF3500FC2EC5 /* Images.xcassets */ = {isa = PBXFileReference; lastKnownFileType = folder.assetcatalog; path = Images.xcassets; sourceTree = "<group>"; };
		E5F0D6C11BA6DF3500FC2EC5 /* Base */ = {isa = PBXFileReference; lastKnownFileType = file.xib; name = Base; path = Base.lproj/LaunchScreen.xib; sourceTree = "<group>"; };
		E5F0D6C71BA6DF3500FC2EC5 /* helpsayTests.xctest */ = {isa = PBXFileReference; explicitFileType = wrapper.cfbundle; includeInIndex = 0; path = helpsayTests.xctest; sourceTree = BUILT_PRODUCTS_DIR; };
		E5F0D6CC1BA6DF3500FC2EC5 /* Info.plist */ = {isa = PBXFileReference; lastKnownFileType = text.plist.xml; path = Info.plist; sourceTree = "<group>"; };
		E5F0D6CD1BA6DF3500FC2EC5 /* helpsayTests.swift */ = {isa = PBXFileReference; lastKnownFileType = sourcecode.swift; path = helpsayTests.swift; sourceTree = "<group>"; };
		E5F0D6E01BA6DFEB00FC2EC5 /* MainViewController.swift */ = {isa = PBXFileReference; fileEncoding = 4; lastKnownFileType = sourcecode.swift; path = MainViewController.swift; sourceTree = "<group>"; };
		E5F0D6E61BA6E05100FC2EC5 /* RobotViewController.swift */ = {isa = PBXFileReference; fileEncoding = 4; lastKnownFileType = sourcecode.swift; path = RobotViewController.swift; sourceTree = "<group>"; };
		E5F0D6E71BA6E05100FC2EC5 /* RobotViewController.xib */ = {isa = PBXFileReference; fileEncoding = 4; lastKnownFileType = file.xib; path = RobotViewController.xib; sourceTree = "<group>"; };
		E5F0D6EA1BA6E2E300FC2EC5 /* SceneViewController.swift */ = {isa = PBXFileReference; fileEncoding = 4; lastKnownFileType = sourcecode.swift; path = SceneViewController.swift; sourceTree = "<group>"; };
		E5F0D6EB1BA6E2E300FC2EC5 /* SceneViewController.xib */ = {isa = PBXFileReference; fileEncoding = 4; lastKnownFileType = file.xib; path = SceneViewController.xib; sourceTree = "<group>"; };
		E5F0D6EE1BA6E2FF00FC2EC5 /* HisViewController.swift */ = {isa = PBXFileReference; fileEncoding = 4; lastKnownFileType = sourcecode.swift; path = HisViewController.swift; sourceTree = "<group>"; };
		E5F0D6EF1BA6E2FF00FC2EC5 /* HisViewController.xib */ = {isa = PBXFileReference; fileEncoding = 4; lastKnownFileType = file.xib; path = HisViewController.xib; sourceTree = "<group>"; };
		E5F0D6F21BA6E31500FC2EC5 /* SettingViewController.swift */ = {isa = PBXFileReference; fileEncoding = 4; lastKnownFileType = sourcecode.swift; path = SettingViewController.swift; sourceTree = "<group>"; };
		E5F0D6F31BA6E31500FC2EC5 /* SettingViewController.xib */ = {isa = PBXFileReference; fileEncoding = 4; lastKnownFileType = file.xib; path = SettingViewController.xib; sourceTree = "<group>"; };
/* End PBXFileReference section */

/* Begin PBXFrameworksBuildPhase section */
		E5F0D6AF1BA6DF3500FC2EC5 /* Frameworks */ = {
			isa = PBXFrameworksBuildPhase;
			buildActionMask = 2147483647;
			files = (
			);
			runOnlyForDeploymentPostprocessing = 0;
		};
		E5F0D6C41BA6DF3500FC2EC5 /* Frameworks */ = {
			isa = PBXFrameworksBuildPhase;
			buildActionMask = 2147483647;
			files = (
			);
			runOnlyForDeploymentPostprocessing = 0;
		};
/* End PBXFrameworksBuildPhase section */

/* Begin PBXGroup section */
		E5772B7C1BAA60F0006A482B /* mp3 */ = {
			isa = PBXGroup;
			children = (
				E5772BAF1BAA6E9B006A482B /* robot_arm.mp3 */,
				E5772BB01BAA6E9B006A482B /* robot_belly.mp3 */,
				E5772BB11BAA6E9B006A482B /* robot_chest.mp3 */,
				E5772BB21BAA6E9B006A482B /* robot_eye.mp3 */,
				E5772BB31BAA6E9B006A482B /* robot_foot.mp3 */,
				E5772BB41BAA6E9B006A482B /* robot_hand.mp3 */,
				E5772BB51BAA6E9B006A482B /* robot_head.mp3 */,
				E5772BB61BAA6E9B006A482B /* robot_leg.mp3 */,
			);
			name = mp3;
			sourceTree = "<group>";
		};
		E5F0D6A91BA6DF3500FC2EC5 = {
			isa = PBXGroup;
			children = (
				E5F0D6B41BA6DF3500FC2EC5 /* helpsay */,
				E5F0D6CA1BA6DF3500FC2EC5 /* helpsayTests */,
				E5F0D6B31BA6DF3500FC2EC5 /* Products */,
			);
			sourceTree = "<group>";
		};
		E5F0D6B31BA6DF3500FC2EC5 /* Products */ = {
			isa = PBXGroup;
			children = (
				E5F0D6B21BA6DF3500FC2EC5 /* helpsay.app */,
				E5F0D6C71BA6DF3500FC2EC5 /* helpsayTests.xctest */,
			);
			name = Products;
			sourceTree = "<group>";
		};
		E5F0D6B41BA6DF3500FC2EC5 /* helpsay */ = {
			isa = PBXGroup;
			children = (
				E5F0D6DF1BA6DFB000FC2EC5 /* Config */,
				E5F0D6DE1BA6DFA300FC2EC5 /* Resource */,
				E5F0D6DD1BA6DF9A00FC2EC5 /* Model */,
				E5F0D6D81BA6DF7300FC2EC5 /* Utils */,
				E5F0D6D71BA6DF6100FC2EC5 /* Controller */,
				E5F0D6E01BA6DFEB00FC2EC5 /* MainViewController.swift */,
				E5F0D6B71BA6DF3500FC2EC5 /* AppDelegate.swift */,
				E5F0D6BE1BA6DF3500FC2EC5 /* Images.xcassets */,
				E5F0D6C01BA6DF3500FC2EC5 /* LaunchScreen.xib */,
				E5F0D6B51BA6DF3500FC2EC5 /* Supporting Files */,
			);
			path = helpsay;
			sourceTree = "<group>";
		};
		E5F0D6B51BA6DF3500FC2EC5 /* Supporting Files */ = {
			isa = PBXGroup;
			children = (
				E5772B7C1BAA60F0006A482B /* mp3 */,
				E5F0D6B61BA6DF3500FC2EC5 /* Info.plist */,
			);
			name = "Supporting Files";
			sourceTree = "<group>";
		};
		E5F0D6CA1BA6DF3500FC2EC5 /* helpsayTests */ = {
			isa = PBXGroup;
			children = (
				E5F0D6CD1BA6DF3500FC2EC5 /* helpsayTests.swift */,
				E5F0D6CB1BA6DF3500FC2EC5 /* Supporting Files */,
			);
			path = helpsayTests;
			sourceTree = "<group>";
		};
		E5F0D6CB1BA6DF3500FC2EC5 /* Supporting Files */ = {
			isa = PBXGroup;
			children = (
				E5F0D6CC1BA6DF3500FC2EC5 /* Info.plist */,
			);
			name = "Supporting Files";
			sourceTree = "<group>";
		};
		E5F0D6D71BA6DF6100FC2EC5 /* Controller */ = {
			isa = PBXGroup;
			children = (
				E5ECE5C71BB0DE22005B5C18 /* RootViewController.swift */,
				E5F0D6E51BA6E01D00FC2EC5 /* History */,
				E5F0D6E41BA6E01600FC2EC5 /* Setting */,
				E5F0D6E31BA6E01000FC2EC5 /* Scene */,
				E5F0D6E21BA6DFFE00FC2EC5 /* Robot */,
			);
			name = Controller;
			sourceTree = "<group>";
		};
		E5F0D6D81BA6DF7300FC2EC5 /* Utils */ = {
			isa = PBXGroup;
			children = (
				E5EB15EE1BA83721006DCE4D /* UIDeviceExt.swift */,
			);
			name = Utils;
			sourceTree = "<group>";
		};
		E5F0D6DD1BA6DF9A00FC2EC5 /* Model */ = {
			isa = PBXGroup;
			children = (
			);
			name = Model;
			sourceTree = "<group>";
		};
		E5F0D6DE1BA6DFA300FC2EC5 /* Resource */ = {
			isa = PBXGroup;
			children = (
			);
			name = Resource;
			sourceTree = "<group>";
		};
		E5F0D6DF1BA6DFB000FC2EC5 /* Config */ = {
			isa = PBXGroup;
			children = (
			);
			name = Config;
			sourceTree = "<group>";
		};
		E5F0D6E21BA6DFFE00FC2EC5 /* Robot */ = {
			isa = PBXGroup;
			children = (
				E5F0D6E61BA6E05100FC2EC5 /* RobotViewController.swift */,
				E5F0D6E71BA6E05100FC2EC5 /* RobotViewController.xib */,
			);
			name = Robot;
			sourceTree = "<group>";
		};
		E5F0D6E31BA6E01000FC2EC5 /* Scene */ = {
			isa = PBXGroup;
			children = (
				E5F0D6EA1BA6E2E300FC2EC5 /* SceneViewController.swift */,
				E5F0D6EB1BA6E2E300FC2EC5 /* SceneViewController.xib */,
				E5EEA61C1BAC1FA0003B7BE5 /* AddSceneViewController.swift */,
				E5EEA61D1BAC1FA0003B7BE5 /* AddSceneViewController.xib */,
			);
			name = Scene;
			sourceTree = "<group>";
		};
		E5F0D6E41BA6E01600FC2EC5 /* Setting */ = {
			isa = PBXGroup;
			children = (
				E5F0D6F21BA6E31500FC2EC5 /* SettingViewController.swift */,
				E5F0D6F31BA6E31500FC2EC5 /* SettingViewController.xib */,
			);
			name = Setting;
			sourceTree = "<group>";
		};
		E5F0D6E51BA6E01D00FC2EC5 /* History */ = {
			isa = PBXGroup;
			children = (
				E5F0D6EE1BA6E2FF00FC2EC5 /* HisViewController.swift */,
				E5F0D6EF1BA6E2FF00FC2EC5 /* HisViewController.xib */,
			);
			name = History;
			sourceTree = "<group>";
		};
/* End PBXGroup section */

/* Begin PBXNativeTarget section */
		E5F0D6B11BA6DF3500FC2EC5 /* helpsay */ = {
			isa = PBXNativeTarget;
			buildConfigurationList = E5F0D6D11BA6DF3500FC2EC5 /* Build configuration list for PBXNativeTarget "helpsay" */;
			buildPhases = (
				E5F0D6AE1BA6DF3500FC2EC5 /* Sources */,
				E5F0D6AF1BA6DF3500FC2EC5 /* Frameworks */,
				E5F0D6B01BA6DF3500FC2EC5 /* Resources */,
			);
			buildRules = (
			);
			dependencies = (
			);
			name = helpsay;
			productName = helpsay;
			productReference = E5F0D6B21BA6DF3500FC2EC5 /* helpsay.app */;
			productType = "com.apple.product-type.application";
		};
		E5F0D6C61BA6DF3500FC2EC5 /* helpsayTests */ = {
			isa = PBXNativeTarget;
			buildConfigurationList = E5F0D6D41BA6DF3500FC2EC5 /* Build configuration list for PBXNativeTarget "helpsayTests" */;
			buildPhases = (
				E5F0D6C31BA6DF3500FC2EC5 /* Sources */,
				E5F0D6C41BA6DF3500FC2EC5 /* Frameworks */,
				E5F0D6C51BA6DF3500FC2EC5 /* Resources */,
			);
			buildRules = (
			);
			dependencies = (
				E5F0D6C91BA6DF3500FC2EC5 /* PBXTargetDependency */,
			);
			name = helpsayTests;
			productName = helpsayTests;
			productReference = E5F0D6C71BA6DF3500FC2EC5 /* helpsayTests.xctest */;
			productType = "com.apple.product-type.bundle.unit-test";
		};
/* End PBXNativeTarget section */

/* Begin PBXProject section */
		E5F0D6AA1BA6DF3500FC2EC5 /* Project object */ = {
			isa = PBXProject;
			attributes = {
				LastUpgradeCheck = 0640;
				ORGANIZATIONNAME = shipl;
				TargetAttributes = {
					E5F0D6B11BA6DF3500FC2EC5 = {
						CreatedOnToolsVersion = 6.4;
					};
					E5F0D6C61BA6DF3500FC2EC5 = {
						CreatedOnToolsVersion = 6.4;
						TestTargetID = E5F0D6B11BA6DF3500FC2EC5;
					};
				};
			};
			buildConfigurationList = E5F0D6AD1BA6DF3500FC2EC5 /* Build configuration list for PBXProject "helpsay" */;
			compatibilityVersion = "Xcode 3.2";
			developmentRegion = English;
			hasScannedForEncodings = 0;
			knownRegions = (
				en,
				Base,
			);
			mainGroup = E5F0D6A91BA6DF3500FC2EC5;
			productRefGroup = E5F0D6B31BA6DF3500FC2EC5 /* Products */;
			projectDirPath = "";
			projectRoot = "";
			targets = (
				E5F0D6B11BA6DF3500FC2EC5 /* helpsay */,
				E5F0D6C61BA6DF3500FC2EC5 /* helpsayTests */,
			);
		};
/* End PBXProject section */

/* Begin PBXResourcesBuildPhase section */
		E5F0D6B01BA6DF3500FC2EC5 /* Resources */ = {
			isa = PBXResourcesBuildPhase;
			buildActionMask = 2147483647;
			files = (
				E5F0D6C21BA6DF3500FC2EC5 /* LaunchScreen.xib in Resources */,
				E5772BBB1BAA6E9B006A482B /* robot_foot.mp3 in Resources */,
				E5EEA61F1BAC1FA0003B7BE5 /* AddSceneViewController.xib in Resources */,
				E5F0D6F51BA6E31500FC2EC5 /* SettingViewController.xib in Resources */,
				E5772BB81BAA6E9B006A482B /* robot_belly.mp3 in Resources */,
				E5772BBA1BAA6E9B006A482B /* robot_eye.mp3 in Resources */,
				E5F0D6ED1BA6E2E300FC2EC5 /* SceneViewController.xib in Resources */,
				E5F0D6BF1BA6DF3500FC2EC5 /* Images.xcassets in Resources */,
				E5772BB71BAA6E9B006A482B /* robot_arm.mp3 in Resources */,
				E5772BBC1BAA6E9B006A482B /* robot_hand.mp3 in Resources */,
				E5772BB91BAA6E9B006A482B /* robot_chest.mp3 in Resources */,
				E5772BBE1BAA6E9B006A482B /* robot_leg.mp3 in Resources */,
				E5F0D6E91BA6E05100FC2EC5 /* RobotViewController.xib in Resources */,
				E5F0D6F11BA6E2FF00FC2EC5 /* HisViewController.xib in Resources */,
				E5772BBD1BAA6E9B006A482B /* robot_head.mp3 in Resources */,
			);
			runOnlyForDeploymentPostprocessing = 0;
		};
		E5F0D6C51BA6DF3500FC2EC5 /* Resources */ = {
			isa = PBXResourcesBuildPhase;
			buildActionMask = 2147483647;
			files = (
			);
			runOnlyForDeploymentPostprocessing = 0;
		};
/* End PBXResourcesBuildPhase section */

/* Begin PBXSourcesBuildPhase section */
		E5F0D6AE1BA6DF3500FC2EC5 /* Sources */ = {
			isa = PBXSourcesBuildPhase;
			buildActionMask = 2147483647;
			files = (
				E5EB15EF1BA83721006DCE4D /* UIDeviceExt.swift in Sources */,
				E5F0D6E11BA6DFEB00FC2EC5 /* MainViewController.swift in Sources */,
				E5ECE5C81BB0DE22005B5C18 /* RootViewController.swift in Sources */,
				E5F0D6EC1BA6E2E300FC2EC5 /* SceneViewController.swift in Sources */,
				E5F0D6E81BA6E05100FC2EC5 /* RobotViewController.swift in Sources */,
				E5F0D6B81BA6DF3500FC2EC5 /* AppDelegate.swift in Sources */,
				E5EEA61E1BAC1FA0003B7BE5 /* AddSceneViewController.swift in Sources */,
				E5F0D6F01BA6E2FF00FC2EC5 /* HisViewController.swift in Sources */,
				E5F0D6F41BA6E31500FC2EC5 /* SettingViewController.swift in Sources */,
			);
			runOnlyForDeploymentPostprocessing = 0;
		};
		E5F0D6C31BA6DF3500FC2EC5 /* Sources */ = {
			isa = PBXSourcesBuildPhase;
			buildActionMask = 2147483647;
			files = (
				E5F0D6CE1BA6DF3500FC2EC5 /* helpsayTests.swift in Sources */,
			);
			runOnlyForDeploymentPostprocessing = 0;
		};
/* End PBXSourcesBuildPhase section */

/* Begin PBXTargetDependency section */
		E5F0D6C91BA6DF3500FC2EC5 /* PBXTargetDependency */ = {
			isa = PBXTargetDependency;
			target = E5F0D6B11BA6DF3500FC2EC5 /* helpsay */;
			targetProxy = E5F0D6C81BA6DF3500FC2EC5 /* PBXContainerItemProxy */;
		};
/* End PBXTargetDependency section */

/* Begin PBXVariantGroup section */
		E5F0D6C01BA6DF3500FC2EC5 /* LaunchScreen.xib */ = {
			isa = PBXVariantGroup;
			children = (
				E5F0D6C11BA6DF3500FC2EC5 /* Base */,
			);
			name = LaunchScreen.xib;
			sourceTree = "<group>";
		};
/* End PBXVariantGroup section */

/* Begin XCBuildConfiguration section */
		E5F0D6CF1BA6DF3500FC2EC5 /* Debug */ = {
			isa = XCBuildConfiguration;
			buildSettings = {
				ALWAYS_SEARCH_USER_PATHS = NO;
				CLANG_CXX_LANGUAGE_STANDARD = "gnu++0x";
				CLANG_CXX_LIBRARY = "libc++";
				CLANG_ENABLE_MODULES = YES;
				CLANG_ENABLE_OBJC_ARC = YES;
				CLANG_WARN_BOOL_CONVERSION = YES;
				CLANG_WARN_CONSTANT_CONVERSION = YES;
				CLANG_WARN_DIRECT_OBJC_ISA_USAGE = YES_ERROR;
				CLANG_WARN_EMPTY_BODY = YES;
				CLANG_WARN_ENUM_CONVERSION = YES;
				CLANG_WARN_INT_CONVERSION = YES;
				CLANG_WARN_OBJC_ROOT_CLASS = YES_ERROR;
				CLANG_WARN_UNREACHABLE_CODE = YES;
				CLANG_WARN__DUPLICATE_METHOD_MATCH = YES;
				"CODE_SIGN_IDENTITY[sdk=iphoneos*]" = "iPhone Developer";
				COPY_PHASE_STRIP = NO;
				DEBUG_INFORMATION_FORMAT = "dwarf-with-dsym";
				ENABLE_STRICT_OBJC_MSGSEND = YES;
				GCC_C_LANGUAGE_STANDARD = gnu99;
				GCC_DYNAMIC_NO_PIC = NO;
				GCC_NO_COMMON_BLOCKS = YES;
				GCC_OPTIMIZATION_LEVEL = 0;
				GCC_PREPROCESSOR_DEFINITIONS = (
					"DEBUG=1",
					"$(inherited)",
				);
				GCC_SYMBOLS_PRIVATE_EXTERN = NO;
				GCC_WARN_64_TO_32_BIT_CONVERSION = YES;
				GCC_WARN_ABOUT_RETURN_TYPE = YES_ERROR;
				GCC_WARN_UNDECLARED_SELECTOR = YES;
				GCC_WARN_UNINITIALIZED_AUTOS = YES_AGGRESSIVE;
				GCC_WARN_UNUSED_FUNCTION = YES;
				GCC_WARN_UNUSED_VARIABLE = YES;
				IPHONEOS_DEPLOYMENT_TARGET = 8.4;
				MTL_ENABLE_DEBUG_INFO = YES;
				ONLY_ACTIVE_ARCH = YES;
				SDKROOT = iphoneos;
				SWIFT_OPTIMIZATION_LEVEL = "-Onone";
			};
			name = Debug;
		};
		E5F0D6D01BA6DF3500FC2EC5 /* Release */ = {
			isa = XCBuildConfiguration;
			buildSettings = {
				ALWAYS_SEARCH_USER_PATHS = NO;
				CLANG_CXX_LANGUAGE_STANDARD = "gnu++0x";
				CLANG_CXX_LIBRARY = "libc++";
				CLANG_ENABLE_MODULES = YES;
				CLANG_ENABLE_OBJC_ARC = YES;
				CLANG_WARN_BOOL_CONVERSION = YES;
				CLANG_WARN_CONSTANT_CONVERSION = YES;
				CLANG_WARN_DIRECT_OBJC_ISA_USAGE = YES_ERROR;
				CLANG_WARN_EMPTY_BODY = YES;
				CLANG_WARN_ENUM_CONVERSION = YES;
				CLANG_WARN_INT_CONVERSION = YES;
				CLANG_WARN_OBJC_ROOT_CLASS = YES_ERROR;
				CLANG_WARN_UNREACHABLE_CODE = YES;
				CLANG_WARN__DUPLICATE_METHOD_MATCH = YES;
				"CODE_SIGN_IDENTITY[sdk=iphoneos*]" = "iPhone Developer";
				COPY_PHASE_STRIP = NO;
				DEBUG_INFORMATION_FORMAT = "dwarf-with-dsym";
				ENABLE_NS_ASSERTIONS = NO;
				ENABLE_STRICT_OBJC_MSGSEND = YES;
				GCC_C_LANGUAGE_STANDARD = gnu99;
				GCC_NO_COMMON_BLOCKS = YES;
				GCC_WARN_64_TO_32_BIT_CONVERSION = YES;
				GCC_WARN_ABOUT_RETURN_TYPE = YES_ERROR;
				GCC_WARN_UNDECLARED_SELECTOR = YES;
				GCC_WARN_UNINITIALIZED_AUTOS = YES_AGGRESSIVE;
				GCC_WARN_UNUSED_FUNCTION = YES;
				GCC_WARN_UNUSED_VARIABLE = YES;
				IPHONEOS_DEPLOYMENT_TARGET = 8.4;
				MTL_ENABLE_DEBUG_INFO = NO;
				SDKROOT = iphoneos;
				VALIDATE_PRODUCT = YES;
			};
			name = Release;
		};
		E5F0D6D21BA6DF3500FC2EC5 /* Debug */ = {
			isa = XCBuildConfiguration;
			buildSettings = {
				ASSETCATALOG_COMPILER_APPICON_NAME = AppIcon;
				INFOPLIST_FILE = helpsay/Info.plist;
				LD_RUNPATH_SEARCH_PATHS = "$(inherited) @executable_path/Frameworks";
				PRODUCT_NAME = "$(TARGET_NAME)";
			};
			name = Debug;
		};
		E5F0D6D31BA6DF3500FC2EC5 /* Release */ = {
			isa = XCBuildConfiguration;
			buildSettings = {
				ASSETCATALOG_COMPILER_APPICON_NAME = AppIcon;
				INFOPLIST_FILE = helpsay/Info.plist;
				LD_RUNPATH_SEARCH_PATHS = "$(inherited) @executable_path/Frameworks";
				PRODUCT_NAME = "$(TARGET_NAME)";
			};
			name = Release;
		};
		E5F0D6D51BA6DF3500FC2EC5 /* Debug */ = {
			isa = XCBuildConfiguration;
			buildSettings = {
				BUNDLE_LOADER = "$(TEST_HOST)";
				FRAMEWORK_SEARCH_PATHS = (
					"$(SDKROOT)/Developer/Library/Frameworks",
					"$(inherited)",
				);
				GCC_PREPROCESSOR_DEFINITIONS = (
					"DEBUG=1",
					"$(inherited)",
				);
				INFOPLIST_FILE = helpsayTests/Info.plist;
				LD_RUNPATH_SEARCH_PATHS = "$(inherited) @executable_path/Frameworks @loader_path/Frameworks";
				PRODUCT_NAME = "$(TARGET_NAME)";
				TEST_HOST = "$(BUILT_PRODUCTS_DIR)/helpsay.app/helpsay";
			};
			name = Debug;
		};
		E5F0D6D61BA6DF3500FC2EC5 /* Release */ = {
			isa = XCBuildConfiguration;
			buildSettings = {
				BUNDLE_LOADER = "$(TEST_HOST)";
				FRAMEWORK_SEARCH_PATHS = (
					"$(SDKROOT)/Developer/Library/Frameworks",
					"$(inherited)",
				);
				INFOPLIST_FILE = helpsayTests/Info.plist;
				LD_RUNPATH_SEARCH_PATHS = "$(inherited) @executable_path/Frameworks @loader_path/Frameworks";
				PRODUCT_NAME = "$(TARGET_NAME)";
				TEST_HOST = "$(BUILT_PRODUCTS_DIR)/helpsay.app/helpsay";
			};
			name = Release;
		};
/* End XCBuildConfiguration section */

/* Begin XCConfigurationList section */
		E5F0D6AD1BA6DF3500FC2EC5 /* Build configuration list for PBXProject "helpsay" */ = {
			isa = XCConfigurationList;
			buildConfigurations = (
				E5F0D6CF1BA6DF3500FC2EC5 /* Debug */,
				E5F0D6D01BA6DF3500FC2EC5 /* Release */,
			);
			defaultConfigurationIsVisible = 0;
			defaultConfigurationName = Release;
		};
		E5F0D6D11BA6DF3500FC2EC5 /* Build configuration list for PBXNativeTarget "helpsay" */ = {
			isa = XCConfigurationList;
			buildConfigurations = (
				E5F0D6D21BA6DF3500FC2EC5 /* Debug */,
				E5F0D6D31BA6DF3500FC2EC5 /* Release */,
			);
			defaultConfigurationIsVisible = 0;
			defaultConfigurationName = Release;
		};
		E5F0D6D41BA6DF3500FC2EC5 /* Build configuration list for PBXNativeTarget "helpsayTests" */ = {
			isa = XCConfigurationList;
			buildConfigurations = (
				E5F0D6D51BA6DF3500FC2EC5 /* Debug */,
				E5F0D6D61BA6DF3500FC2EC5 /* Release */,
			);
			defaultConfigurationIsVisible = 0;
			defaultConfigurationName = Release;
		};
/* End XCConfigurationList section */
	};
	rootObject = E5F0D6AA1BA6DF3500FC2EC5 /* Project object */;
}
